
Microsoft Visual Studio Solution File, Format Version 12.00
# Visual Studio 2012
Project("{FAE04EC0-301F-11D3-BF4B-00C04F79EFBC}") = "StockTools.Domain", "StockTools.BusinessLogic\StockTools.Domain.csproj", "{050680D9-928A-4FF0-9C8F-0E3EDD8C5FAC}"
EndProject
Project("{FAE04EC0-301F-11D3-BF4B-00C04F79EFBC}") = "StockTools.Test", "StockTools.Test\StockTools.Test.csproj", "{2A721F80-BEC7-44BA-BB1A-E58FE68C5E93}"
EndProject
Project("{FAE04EC0-301F-11D3-BF4B-00C04F79EFBC}") = "StockTools.Entities", "StockTools.Entities\StockTools.Entities.csproj", "{3421BD74-E99C-409D-B5E7-5292A7C87DB6}"
EndProject
Global
	GlobalSection(SolutionConfigurationPlatforms) = preSolution
		Debug|Any CPU = Debug|Any CPU
		Release|Any CPU = Release|Any CPU
	EndGlobalSection
	GlobalSection(ProjectConfigurationPlatforms) = postSolution
		{050680D9-928A-4FF0-9C8F-0E3EDD8C5FAC}.Debug|Any CPU.ActiveCfg = Debug|Any CPU
		{050680D9-928A-4FF0-9C8F-0E3EDD8C5FAC}.Debug|Any CPU.Build.0 = Debug|Any CPU
		{050680D9-928A-4FF0-9C8F-0E3EDD8C5FAC}.Release|Any CPU.ActiveCfg = Release|Any CPU
		{050680D9-928A-4FF0-9C8F-0E3EDD8C5FAC}.Release|Any CPU.Build.0 = Release|Any CPU
		{2A721F80-BEC7-44BA-BB1A-E58FE68C5E93}.Debug|Any CPU.ActiveCfg = Debug|Any CPU
		{2A721F80-BEC7-44BA-BB1A-E58FE68C5E93}.Debug|Any CPU.Build.0 = Debug|Any CPU
		{2A721F80-BEC7-44BA-BB1A-E58FE68C5E93}.Release|Any CPU.ActiveCfg = Release|Any CPU
		{2A721F80-BEC7-44BA-BB1A-E58FE68C5E93}.Release|Any CPU.Build.0 = Release|Any CPU
		{3421BD74-E99C-409D-B5E7-5292A7C87DB6}.Debug|Any CPU.ActiveCfg = Debug|Any CPU
		{3421BD74-E99C-409D-B5E7-5292A7C87DB6}.Debug|Any CPU.Build.0 = Debug|Any CPU
		{3421BD74-E99C-409D-B5E7-5292A7C87DB6}.Release|Any CPU.ActiveCfg = Release|Any CPU
		{3421BD74-E99C-409D-B5E7-5292A7C87DB6}.Release|Any CPU.Build.0 = Release|Any CPU
	EndGlobalSection
	GlobalSection(SolutionProperties) = preSolution
		HideSolutionNode = FALSE
	EndGlobalSection
EndGlobal
