
Microsoft Visual Studio Solution File, Format Version 12.00
# Visual Studio 2012
Project("{FAE04EC0-301F-11D3-BF4B-00C04F79EFBC}") = "StockTools.Domain", "StockTools.Domain\StockTools.Domain.csproj", "{050680D9-928A-4FF0-9C8F-0E3EDD8C5FAC}"
EndProject
Project("{FAE04EC0-301F-11D3-BF4B-00C04F79EFBC}") = "StockTools.Test", "StockTools.Test\StockTools.Test.csproj", "{2A721F80-BEC7-44BA-BB1A-E58FE68C5E93}"
EndProject
Project("{FAE04EC0-301F-11D3-BF4B-00C04F79EFBC}") = "StockTools.Entities", "StockTools.Entities\StockTools.Entities.csproj", "{3421BD74-E99C-409D-B5E7-5292A7C87DB6}"
EndProject
Project("{FAE04EC0-301F-11D3-BF4B-00C04F79EFBC}") = "StockTools.WPFUI", "StockTools.WPFUI\StockTools.WPFUI.csproj", "{7E147781-20B9-4099-9A06-28F500901ABD}"
EndProject
Project("{FAE04EC0-301F-11D3-BF4B-00C04F79EFBC}") = "StockTools.Data", "StockTools.Data\StockTools.Data.csproj", "{835B81C0-94D8-4605-B81F-A5C3FA3D4432}"
EndProject
Project("{FAE04EC0-301F-11D3-BF4B-00C04F79EFBC}") = "StockTools.Converters", "StockTools.Converters\StockTools.Converters.csproj", "{AC0A4FB4-5F18-4F45-8F19-64C4072766EF}"
EndProject
Project("{FAE04EC0-301F-11D3-BF4B-00C04F79EFBC}") = "StockTools.Runner", "StockTools.Runner\StockTools.Runner.csproj", "{C8A716F5-C8A7-4624-897C-68B38AEFD48C}"
EndProject
Project("{2150E333-8FDC-42A3-9474-1A3956D46DE8}") = "New ddd structure", "New ddd structure", "{F3353A12-1172-4F64-8F20-0950AB615174}"
EndProject
Project("{FAE04EC0-301F-11D3-BF4B-00C04F79EFBC}") = "StockTools.Core", "StockTools.Core\StockTools.Core.csproj", "{13B48B16-2966-46EB-B283-6A9E551DF3FA}"
EndProject
Project("{FAE04EC0-301F-11D3-BF4B-00C04F79EFBC}") = "StockTools.Infrastructure", "StockTools.Infrastructure\StockTools.Infrastructure.csproj", "{94431764-0C91-4345-9412-8AB083B0434B}"
EndProject
Project("{FAE04EC0-301F-11D3-BF4B-00C04F79EFBC}") = "StockTools.UnitTests", "StockTools.UnitTests\StockTools.UnitTests.csproj", "{22FB91A6-D244-4EE9-95A8-CBF643E1B652}"
EndProject
Project("{FAE04EC0-301F-11D3-BF4B-00C04F79EFBC}") = "StockTools.IntegrationTests", "StockTools.IntegrationTests\StockTools.IntegrationTests.csproj", "{D03C93FC-A4C4-41C1-8392-55F576AD7EA1}"
EndProject
Global
	GlobalSection(SolutionConfigurationPlatforms) = preSolution
		Debug|Any CPU = Debug|Any CPU
		Release|Any CPU = Release|Any CPU
	EndGlobalSection
	GlobalSection(ProjectConfigurationPlatforms) = postSolution
		{050680D9-928A-4FF0-9C8F-0E3EDD8C5FAC}.Debug|Any CPU.ActiveCfg = Debug|Any CPU
		{050680D9-928A-4FF0-9C8F-0E3EDD8C5FAC}.Debug|Any CPU.Build.0 = Debug|Any CPU
		{050680D9-928A-4FF0-9C8F-0E3EDD8C5FAC}.Release|Any CPU.ActiveCfg = Release|Any CPU
		{050680D9-928A-4FF0-9C8F-0E3EDD8C5FAC}.Release|Any CPU.Build.0 = Release|Any CPU
		{2A721F80-BEC7-44BA-BB1A-E58FE68C5E93}.Debug|Any CPU.ActiveCfg = Debug|Any CPU
		{2A721F80-BEC7-44BA-BB1A-E58FE68C5E93}.Debug|Any CPU.Build.0 = Debug|Any CPU
		{2A721F80-BEC7-44BA-BB1A-E58FE68C5E93}.Release|Any CPU.ActiveCfg = Release|Any CPU
		{2A721F80-BEC7-44BA-BB1A-E58FE68C5E93}.Release|Any CPU.Build.0 = Release|Any CPU
		{3421BD74-E99C-409D-B5E7-5292A7C87DB6}.Debug|Any CPU.ActiveCfg = Debug|Any CPU
		{3421BD74-E99C-409D-B5E7-5292A7C87DB6}.Debug|Any CPU.Build.0 = Debug|Any CPU
		{3421BD74-E99C-409D-B5E7-5292A7C87DB6}.Release|Any CPU.ActiveCfg = Release|Any CPU
		{3421BD74-E99C-409D-B5E7-5292A7C87DB6}.Release|Any CPU.Build.0 = Release|Any CPU
		{7E147781-20B9-4099-9A06-28F500901ABD}.Debug|Any CPU.ActiveCfg = Debug|Any CPU
		{7E147781-20B9-4099-9A06-28F500901ABD}.Debug|Any CPU.Build.0 = Debug|Any CPU
		{7E147781-20B9-4099-9A06-28F500901ABD}.Release|Any CPU.ActiveCfg = Release|Any CPU
		{7E147781-20B9-4099-9A06-28F500901ABD}.Release|Any CPU.Build.0 = Release|Any CPU
		{835B81C0-94D8-4605-B81F-A5C3FA3D4432}.Debug|Any CPU.ActiveCfg = Debug|Any CPU
		{835B81C0-94D8-4605-B81F-A5C3FA3D4432}.Debug|Any CPU.Build.0 = Debug|Any CPU
		{835B81C0-94D8-4605-B81F-A5C3FA3D4432}.Release|Any CPU.ActiveCfg = Release|Any CPU
		{835B81C0-94D8-4605-B81F-A5C3FA3D4432}.Release|Any CPU.Build.0 = Release|Any CPU
		{AC0A4FB4-5F18-4F45-8F19-64C4072766EF}.Debug|Any CPU.ActiveCfg = Debug|Any CPU
		{AC0A4FB4-5F18-4F45-8F19-64C4072766EF}.Debug|Any CPU.Build.0 = Debug|Any CPU
		{AC0A4FB4-5F18-4F45-8F19-64C4072766EF}.Release|Any CPU.ActiveCfg = Release|Any CPU
		{AC0A4FB4-5F18-4F45-8F19-64C4072766EF}.Release|Any CPU.Build.0 = Release|Any CPU
		{C8A716F5-C8A7-4624-897C-68B38AEFD48C}.Debug|Any CPU.ActiveCfg = Debug|Any CPU
		{C8A716F5-C8A7-4624-897C-68B38AEFD48C}.Debug|Any CPU.Build.0 = Debug|Any CPU
		{C8A716F5-C8A7-4624-897C-68B38AEFD48C}.Release|Any CPU.ActiveCfg = Release|Any CPU
		{C8A716F5-C8A7-4624-897C-68B38AEFD48C}.Release|Any CPU.Build.0 = Release|Any CPU
		{13B48B16-2966-46EB-B283-6A9E551DF3FA}.Debug|Any CPU.ActiveCfg = Debug|Any CPU
		{13B48B16-2966-46EB-B283-6A9E551DF3FA}.Debug|Any CPU.Build.0 = Debug|Any CPU
		{13B48B16-2966-46EB-B283-6A9E551DF3FA}.Release|Any CPU.ActiveCfg = Release|Any CPU
		{13B48B16-2966-46EB-B283-6A9E551DF3FA}.Release|Any CPU.Build.0 = Release|Any CPU
		{94431764-0C91-4345-9412-8AB083B0434B}.Debug|Any CPU.ActiveCfg = Debug|Any CPU
		{94431764-0C91-4345-9412-8AB083B0434B}.Debug|Any CPU.Build.0 = Debug|Any CPU
		{94431764-0C91-4345-9412-8AB083B0434B}.Release|Any CPU.ActiveCfg = Release|Any CPU
		{94431764-0C91-4345-9412-8AB083B0434B}.Release|Any CPU.Build.0 = Release|Any CPU
		{22FB91A6-D244-4EE9-95A8-CBF643E1B652}.Debug|Any CPU.ActiveCfg = Debug|Any CPU
		{22FB91A6-D244-4EE9-95A8-CBF643E1B652}.Debug|Any CPU.Build.0 = Debug|Any CPU
		{22FB91A6-D244-4EE9-95A8-CBF643E1B652}.Release|Any CPU.ActiveCfg = Release|Any CPU
		{22FB91A6-D244-4EE9-95A8-CBF643E1B652}.Release|Any CPU.Build.0 = Release|Any CPU
		{D03C93FC-A4C4-41C1-8392-55F576AD7EA1}.Debug|Any CPU.ActiveCfg = Debug|Any CPU
		{D03C93FC-A4C4-41C1-8392-55F576AD7EA1}.Debug|Any CPU.Build.0 = Debug|Any CPU
		{D03C93FC-A4C4-41C1-8392-55F576AD7EA1}.Release|Any CPU.ActiveCfg = Release|Any CPU
		{D03C93FC-A4C4-41C1-8392-55F576AD7EA1}.Release|Any CPU.Build.0 = Release|Any CPU
	EndGlobalSection
	GlobalSection(SolutionProperties) = preSolution
		HideSolutionNode = FALSE
	EndGlobalSection
	GlobalSection(NestedProjects) = preSolution
		{835B81C0-94D8-4605-B81F-A5C3FA3D4432} = {F3353A12-1172-4F64-8F20-0950AB615174}
		{13B48B16-2966-46EB-B283-6A9E551DF3FA} = {F3353A12-1172-4F64-8F20-0950AB615174}
		{94431764-0C91-4345-9412-8AB083B0434B} = {F3353A12-1172-4F64-8F20-0950AB615174}
		{22FB91A6-D244-4EE9-95A8-CBF643E1B652} = {F3353A12-1172-4F64-8F20-0950AB615174}
		{D03C93FC-A4C4-41C1-8392-55F576AD7EA1} = {F3353A12-1172-4F64-8F20-0950AB615174}
	EndGlobalSection
EndGlobal
